
Microsoft Visual Studio Solution File, Format Version 12.00
# Visual Studio Version 17
VisualStudioVersion = 17.5.33502.453
MinimumVisualStudioVersion = 10.0.40219.1
Project("{FAE04EC0-301F-11D3-BF4B-00C04F79EFBC}") = "Login_simple", "Login_simple\Login_simple.csproj", "{4C94CE25-6304-49EA-9571-13528B522C7E}"
EndProject
Global
	GlobalSection(SolutionConfigurationPlatforms) = preSolution
		Debug|Any CPU = Debug|Any CPU
		Release|Any CPU = Release|Any CPU
	EndGlobalSection
	GlobalSection(ProjectConfigurationPlatforms) = postSolution
		{4C94CE25-6304-49EA-9571-13528B522C7E}.Debug|Any CPU.ActiveCfg = Debug|Any CPU
		{4C94CE25-6304-49EA-9571-13528B522C7E}.Debug|Any CPU.Build.0 = Debug|Any CPU
		{4C94CE25-6304-49EA-9571-13528B522C7E}.Release|Any CPU.ActiveCfg = Release|Any CPU
		{4C94CE25-6304-49EA-9571-13528B522C7E}.Release|Any CPU.Build.0 = Release|Any CPU
	EndGlobalSection
	GlobalSection(SolutionProperties) = preSolution
		HideSolutionNode = FALSE
	EndGlobalSection
	GlobalSection(ExtensibilityGlobals) = postSolution
		SolutionGuid = {E7AC8C10-C0A7-4004-9463-2B679A692F42}
	EndGlobalSection
EndGlobal
